
Microsoft Visual Studio Solution File, Format Version 12.00
# Visual Studio Version 17
VisualStudioVersion = 17.3.32811.315
MinimumVisualStudioVersion = 10.0.40219.1
Project("{2150E333-8FDC-42A3-9474-1A3956D46DE8}") = "src", "src", "{C94600E8-EB79-4C7E-8CA1-4A0F7207B559}"
EndProject
Project("{2150E333-8FDC-42A3-9474-1A3956D46DE8}") = "Libraries", "Libraries", "{4CF31FD7-766E-44DB-B317-FC049782BFFE}"
EndProject
Project("{2150E333-8FDC-42A3-9474-1A3956D46DE8}") = "Presentation", "Presentation", "{27C84EAA-9ED0-464F-81A3-6F9FC69BF779}"
EndProject
Project("{9A19103F-16F7-4668-BE54-9A1E7A4F7556}") = "Doctorla.Application", "src\Libraries\Doctorla.Application\Doctorla.Application.csproj", "{21E056D2-30E7-4FE4-8F1F-B5A5FB7F99E1}"
EndProject
Project("{9A19103F-16F7-4668-BE54-9A1E7A4F7556}") = "Doctorla.Domain", "src\Libraries\Doctorla.Domain\Doctorla.Domain.csproj", "{32BE1B90-311C-4750-9F1E-BF663B836526}"
EndProject
Project("{9A19103F-16F7-4668-BE54-9A1E7A4F7556}") = "Doctorla.Shared", "src\Libraries\Doctorla.Shared\Doctorla.Shared.csproj", "{AEA43F2F-6AC7-47CE-8B65-3E1B0EF4E920}"
EndProject
Project("{9A19103F-16F7-4668-BE54-9A1E7A4F7556}") = "Doctorla.Infrastructure", "src\Libraries\Doctorla.Infrastructure\Doctorla.Infrastructure.csproj", "{1F4E1CA9-B90A-4B6D-BDC5-6E2E3C15B04C}"
EndProject
Project("{9A19103F-16F7-4668-BE54-9A1E7A4F7556}") = "Doctorla.Host", "src\Presentation\Doctorla.Host\Doctorla.Host.csproj", "{192F96F0-B991-40E8-9570-1E6183DAA8C8}"
EndProject
Project("{2150E333-8FDC-42A3-9474-1A3956D46DE8}") = "Migrators", "Migrators", "{4E062BFE-EF40-4C40-A68B-40812AE63C2E}"
EndProject
Project("{2150E333-8FDC-42A3-9474-1A3956D46DE8}") = "Solution Items", "Solution Items", "{AFAAF98E-E26D-4E3C-B8BB-8A1F41FAD9FF}"
	ProjectSection(SolutionItems) = preProject
		.editorconfig = .editorconfig
	EndProjectSection
EndProject
Project("{9A19103F-16F7-4668-BE54-9A1E7A4F7556}") = "Migrators.MSSQL", "src\Migrators\Migrators.MSSQL\Migrators.MSSQL.csproj", "{A34F3D56-59BD-4659-AAB3-4C69358E33BE}"
EndProject
Global
	GlobalSection(SolutionConfigurationPlatforms) = preSolution
		Debug|Any CPU = Debug|Any CPU
		Release|Any CPU = Release|Any CPU
	EndGlobalSection
	GlobalSection(ProjectConfigurationPlatforms) = postSolution
		{21E056D2-30E7-4FE4-8F1F-B5A5FB7F99E1}.Debug|Any CPU.ActiveCfg = Debug|Any CPU
		{21E056D2-30E7-4FE4-8F1F-B5A5FB7F99E1}.Debug|Any CPU.Build.0 = Debug|Any CPU
		{21E056D2-30E7-4FE4-8F1F-B5A5FB7F99E1}.Release|Any CPU.ActiveCfg = Release|Any CPU
		{21E056D2-30E7-4FE4-8F1F-B5A5FB7F99E1}.Release|Any CPU.Build.0 = Release|Any CPU
		{32BE1B90-311C-4750-9F1E-BF663B836526}.Debug|Any CPU.ActiveCfg = Debug|Any CPU
		{32BE1B90-311C-4750-9F1E-BF663B836526}.Debug|Any CPU.Build.0 = Debug|Any CPU
		{32BE1B90-311C-4750-9F1E-BF663B836526}.Release|Any CPU.ActiveCfg = Release|Any CPU
		{32BE1B90-311C-4750-9F1E-BF663B836526}.Release|Any CPU.Build.0 = Release|Any CPU
		{AEA43F2F-6AC7-47CE-8B65-3E1B0EF4E920}.Debug|Any CPU.ActiveCfg = Debug|Any CPU
		{AEA43F2F-6AC7-47CE-8B65-3E1B0EF4E920}.Debug|Any CPU.Build.0 = Debug|Any CPU
		{AEA43F2F-6AC7-47CE-8B65-3E1B0EF4E920}.Release|Any CPU.ActiveCfg = Release|Any CPU
		{AEA43F2F-6AC7-47CE-8B65-3E1B0EF4E920}.Release|Any CPU.Build.0 = Release|Any CPU
		{1F4E1CA9-B90A-4B6D-BDC5-6E2E3C15B04C}.Debug|Any CPU.ActiveCfg = Debug|Any CPU
		{1F4E1CA9-B90A-4B6D-BDC5-6E2E3C15B04C}.Debug|Any CPU.Build.0 = Debug|Any CPU
		{1F4E1CA9-B90A-4B6D-BDC5-6E2E3C15B04C}.Release|Any CPU.ActiveCfg = Release|Any CPU
		{1F4E1CA9-B90A-4B6D-BDC5-6E2E3C15B04C}.Release|Any CPU.Build.0 = Release|Any CPU
		{192F96F0-B991-40E8-9570-1E6183DAA8C8}.Debug|Any CPU.ActiveCfg = Debug|Any CPU
		{192F96F0-B991-40E8-9570-1E6183DAA8C8}.Debug|Any CPU.Build.0 = Debug|Any CPU
		{192F96F0-B991-40E8-9570-1E6183DAA8C8}.Release|Any CPU.ActiveCfg = Release|Any CPU
		{192F96F0-B991-40E8-9570-1E6183DAA8C8}.Release|Any CPU.Build.0 = Release|Any CPU
		{A34F3D56-59BD-4659-AAB3-4C69358E33BE}.Debug|Any CPU.ActiveCfg = Debug|Any CPU
		{A34F3D56-59BD-4659-AAB3-4C69358E33BE}.Debug|Any CPU.Build.0 = Debug|Any CPU
		{A34F3D56-59BD-4659-AAB3-4C69358E33BE}.Release|Any CPU.ActiveCfg = Release|Any CPU
		{A34F3D56-59BD-4659-AAB3-4C69358E33BE}.Release|Any CPU.Build.0 = Release|Any CPU
	EndGlobalSection
	GlobalSection(SolutionProperties) = preSolution
		HideSolutionNode = FALSE
	EndGlobalSection
	GlobalSection(NestedProjects) = preSolution
		{4CF31FD7-766E-44DB-B317-FC049782BFFE} = {C94600E8-EB79-4C7E-8CA1-4A0F7207B559}
		{27C84EAA-9ED0-464F-81A3-6F9FC69BF779} = {C94600E8-EB79-4C7E-8CA1-4A0F7207B559}
		{21E056D2-30E7-4FE4-8F1F-B5A5FB7F99E1} = {4CF31FD7-766E-44DB-B317-FC049782BFFE}
		{32BE1B90-311C-4750-9F1E-BF663B836526} = {4CF31FD7-766E-44DB-B317-FC049782BFFE}
		{AEA43F2F-6AC7-47CE-8B65-3E1B0EF4E920} = {4CF31FD7-766E-44DB-B317-FC049782BFFE}
		{1F4E1CA9-B90A-4B6D-BDC5-6E2E3C15B04C} = {4CF31FD7-766E-44DB-B317-FC049782BFFE}
		{192F96F0-B991-40E8-9570-1E6183DAA8C8} = {27C84EAA-9ED0-464F-81A3-6F9FC69BF779}
		{4E062BFE-EF40-4C40-A68B-40812AE63C2E} = {C94600E8-EB79-4C7E-8CA1-4A0F7207B559}
		{A34F3D56-59BD-4659-AAB3-4C69358E33BE} = {4E062BFE-EF40-4C40-A68B-40812AE63C2E}
	EndGlobalSection
	GlobalSection(ExtensibilityGlobals) = postSolution
		SolutionGuid = {A337FE73-EF6A-4C46-B625-AA111B05EFB2}
	EndGlobalSection
EndGlobal
